
Microsoft Visual Studio Solution File, Format Version 12.00
# Visual Studio Version 17
VisualStudioVersion = 17.3.32922.545
MinimumVisualStudioVersion = 10.0.40219.1
Project("{FAE04EC0-301F-11D3-BF4B-00C04F79EFBC}") = "CRUDCANDIDATOS", "CRUDCANDIDATOS\CRUDCANDIDATOS.csproj", "{0E0F8B6D-CF28-4099-AA53-40274D91ADD5}"
EndProject
Global
	GlobalSection(SolutionConfigurationPlatforms) = preSolution
		Debug|Any CPU = Debug|Any CPU
		Release|Any CPU = Release|Any CPU
	EndGlobalSection
	GlobalSection(ProjectConfigurationPlatforms) = postSolution
		{0E0F8B6D-CF28-4099-AA53-40274D91ADD5}.Debug|Any CPU.ActiveCfg = Debug|Any CPU
		{0E0F8B6D-CF28-4099-AA53-40274D91ADD5}.Debug|Any CPU.Build.0 = Debug|Any CPU
		{0E0F8B6D-CF28-4099-AA53-40274D91ADD5}.Release|Any CPU.ActiveCfg = Release|Any CPU
		{0E0F8B6D-CF28-4099-AA53-40274D91ADD5}.Release|Any CPU.Build.0 = Release|Any CPU
	EndGlobalSection
	GlobalSection(SolutionProperties) = preSolution
		HideSolutionNode = FALSE
	EndGlobalSection
	GlobalSection(ExtensibilityGlobals) = postSolution
		SolutionGuid = {45559316-C09B-496B-A1A2-34290174C069}
	EndGlobalSection
EndGlobal
